
Microsoft Visual Studio Solution File, Format Version 12.00
# Visual Studio 2012
Project("{FAE04EC0-301F-11D3-BF4B-00C04F79EFBC}") = "TMLTestTask", "TMLTestTask\TMLTestTask.csproj", "{D736F041-4E0A-463D-8707-69B43CA7AACF}"
EndProject
Project("{FAE04EC0-301F-11D3-BF4B-00C04F79EFBC}") = "TMLTestTask.UITests", "TMLTestTask.UITests\TMLTestTask.UITests.csproj", "{65A6E8A2-ADF3-42B7-8E58-9B6B18018011}"
EndProject
Global
	GlobalSection(SolutionConfigurationPlatforms) = preSolution
		Debug|Any CPU = Debug|Any CPU
		Release|Any CPU = Release|Any CPU
	EndGlobalSection
	GlobalSection(ProjectConfigurationPlatforms) = postSolution
		{65A6E8A2-ADF3-42B7-8E58-9B6B18018011}.Debug|Any CPU.ActiveCfg = Debug|Any CPU
		{65A6E8A2-ADF3-42B7-8E58-9B6B18018011}.Debug|Any CPU.Build.0 = Debug|Any CPU
		{65A6E8A2-ADF3-42B7-8E58-9B6B18018011}.Release|Any CPU.ActiveCfg = Release|Any CPU
		{65A6E8A2-ADF3-42B7-8E58-9B6B18018011}.Release|Any CPU.Build.0 = Release|Any CPU
		{D736F041-4E0A-463D-8707-69B43CA7AACF}.Debug|Any CPU.ActiveCfg = Debug|Any CPU
		{D736F041-4E0A-463D-8707-69B43CA7AACF}.Debug|Any CPU.Build.0 = Debug|Any CPU
		{D736F041-4E0A-463D-8707-69B43CA7AACF}.Release|Any CPU.ActiveCfg = Release|Any CPU
		{D736F041-4E0A-463D-8707-69B43CA7AACF}.Release|Any CPU.Build.0 = Release|Any CPU
	EndGlobalSection
EndGlobal
